<?xml version="1.0" encoding="utf-8"?>
<Project ToolsVersion="4.0" xmlns="http://schemas.microsoft.com/developer/msbuild/2003">
  <ItemGroup>
    <Filter Include="Source Files">
      <UniqueIdentifier>{4FC737F1-C7A5-4376-A066-2A32D752A2FF}</UniqueIdentifier>
      <Extensions>cpp;c;cc;cxx;def;odl;idl;hpj;bat;asm;asmx</Extensions>
    </Filter>
    <Filter Include="Header Files">
      <UniqueIdentifier>{93995380-89BD-4b04-88EB-625FBE52EBFB}</UniqueIdentifier>
      <Extensions>h;hh;hpp;hxx;hm;inl;inc;xsd</Extensions>
    </Filter>
    <Filter Include="Resource Files">
      <UniqueIdentifier>{67DA6AB6-F800-4c08-8B7A-83BB121AAD01}</UniqueIdentifier>
      <Extensions>rc;ico;cur;bmp;dlg;rc2;rct;bin;rgs;gif;jpg;jpeg;jpe;resx;tiff;tif;png;wav;mfcribbon-ms</Extensions>
    </Filter>
    <Filter Include="Source Files\Shared">
      <UniqueIdentifier>{0786aa8c-83bd-4baa-8e90-632bb2c30a64}</UniqueIdentifier>
    </Filter>
    <Filter Include="Source Files\Windows-Specific">
      <UniqueIdentifier>{0b0f3ebe-e358-4a31-b1e2-fb0b2e57e477}</UniqueIdentifier>
    </Filter>
    <Filter Include="Misc">
      <UniqueIdentifier>{6958f414-b3ea-48dd-9772-6f27773572fe}</UniqueIdentifier>
    </Filter>
    <Filter Include="Source Files\3rdparty">
      <UniqueIdentifier>{dd0c75e1-ba33-4d21-8b01-b03ea3ed5635}</UniqueIdentifier>
    </Filter>
    <Filter Include="Source Files\3rdparty\glfw">
      <UniqueIdentifier>{3fb43835-e409-46a4-98c4-7be74e798bc4}</UniqueIdentifier>
    </Filter>
  </ItemGroup>
  <ItemGroup>
    <ClCompile Include="src\main.cpp">
      <Filter>Source Files\Shared</Filter>
    </ClCompile>
    <ClCompile Include="src\SMat.cc">
      <Filter>Source Files\Shared</Filter>
    </ClCompile>
    <ClCompile Include="src\glfw\context.c">
      <Filter>Source Files\3rdparty\glfw</Filter>
    </ClCompile>
    <ClCompile Include="src\glfw\init.c">
      <Filter>Source Files\3rdparty\glfw</Filter>
    </ClCompile>
    <ClCompile Include="src\glfw\input.c">
      <Filter>Source Files\3rdparty\glfw</Filter>
    </ClCompile>
    <ClCompile Include="src\glfw\monitor.c">
      <Filter>Source Files\3rdparty\glfw</Filter>
    </ClCompile>
    <ClCompile Include="src\glfw\wgl_context.c">
      <Filter>Source Files\3rdparty\glfw</Filter>
    </ClCompile>
    <ClCompile Include="src\glfw\win32_init.c">
      <Filter>Source Files\3rdparty\glfw</Filter>
    </ClCompile>
    <ClCompile Include="src\glfw\win32_monitor.c">
      <Filter>Source Files\3rdparty\glfw</Filter>
    </ClCompile>
    <ClCompile Include="src\glfw\win32_time.c">
      <Filter>Source Files\3rdparty\glfw</Filter>
    </ClCompile>
    <ClCompile Include="src\glfw\win32_tls.c">
      <Filter>Source Files\3rdparty\glfw</Filter>
    </ClCompile>
    <ClCompile Include="src\glfw\win32_window.c">
      <Filter>Source Files\3rdparty\glfw</Filter>
    </ClCompile>
    <ClCompile Include="src\glfw\window.c">
      <Filter>Source Files\3rdparty\glfw</Filter>
    </ClCompile>
    <ClCompile Include="src\glfw\win32_joystick.c">
      <Filter>Source Files\3rdparty\glfw</Filter>
    </ClCompile>
    <ClCompile Include="src\glfw\egl_context.c">
      <Filter>Source Files\3rdparty\glfw</Filter>
    </ClCompile>
    <ClCompile Include="src\glfw\vulkan.c">
      <Filter>Source Files\3rdparty\glfw</Filter>
    </ClCompile>
    <ClCompile Include="src\Ui.cpp">
      <Filter>Source Files\Shared</Filter>
    </ClCompile>
    <ClCompile Include="src\FileSimulation.cpp">
      <Filter>Source Files\Shared</Filter>
    </ClCompile>
    <ClCompile Include="src\cmdline.cpp">
      <Filter>Source Files\Shared</Filter>
    </ClCompile>
  </ItemGroup>
  <ItemGroup>
    <ClInclude Include="include\SMat.h">
      <Filter>Header Files</Filter>
    </ClInclude>
    <ClInclude Include="src\glfw\wgl_context.h">
      <Filter>Source Files\3rdparty\glfw</Filter>
    </ClInclude>
    <ClInclude Include="src\glfw\win32_platform.h">
      <Filter>Source Files\3rdparty\glfw</Filter>
    </ClInclude>
    <ClInclude Include="include\SimulationInterface.h">
      <Filter>Header Files</Filter>
    </ClInclude>
    <ClInclude Include="include\Units.h">
      <Filter>Header Files</Filter>
    </ClInclude>
    <ClInclude Include="src\glfw\win32_joystick.h">
      <Filter>Source Files\3rdparty\glfw</Filter>
    </ClInclude>
    <ClInclude Include="src\glfw\egl_context.h">
      <Filter>Source Files\3rdparty\glfw</Filter>
    </ClInclude>
    <ClInclude Include="include\FileSimulation.h">
      <Filter>Header Files</Filter>
    </ClInclude>
    <ClInclude Include="include\BicycleInterface.h">
      <Filter>Header Files</Filter>
    </ClInclude>
  </ItemGroup>
  <ItemGroup>
    <Text Include="task.txt">
      <Filter>Misc</Filter>
    </Text>
  </ItemGroup>
  <ItemGroup>
    <None Include="sample.dat">
      <Filter>Misc</Filter>
    </None>
  </ItemGroup>
</Project>